// !$*UTF8*$!
{
	archiveVersion = 1;
	classes = {
	};
	objectVersion = 46;
	objects = {

/* Begin PBXBuildFile section */
		041AFA6C1B7261E8005E21C6 /* AppDelegate.swift in Sources */ = {isa = PBXBuildFile; fileRef = 041AFA6B1B7261E8005E21C6 /* AppDelegate.swift */; };
		041AFA6E1B7261E8005E21C6 /* mainVC.swift in Sources */ = {isa = PBXBuildFile; fileRef = 041AFA6D1B7261E8005E21C6 /* mainVC.swift */; };
		041AFA711B7261E8005E21C6 /* Main.storyboard in Resources */ = {isa = PBXBuildFile; fileRef = 041AFA6F1B7261E8005E21C6 /* Main.storyboard */; };
		041AFA731B7261E8005E21C6 /* Images.xcassets in Resources */ = {isa = PBXBuildFile; fileRef = 041AFA721B7261E8005E21C6 /* Images.xcassets */; };
		041AFA761B7261E8005E21C6 /* LaunchScreen.xib in Resources */ = {isa = PBXBuildFile; fileRef = 041AFA741B7261E8005E21C6 /* LaunchScreen.xib */; };
		041AFA821B7261E8005E21C6 /* SearchiTunesandGitHubTests.swift in Sources */ = {isa = PBXBuildFile; fileRef = 041AFA811B7261E8005E21C6 /* SearchiTunesandGitHubTests.swift */; };
		041AFA8C1B7265E8005E21C6 /* ResultCell.swift in Sources */ = {isa = PBXBuildFile; fileRef = 041AFA8B1B7265E8005E21C6 /* ResultCell.swift */; };
		041AFA8E1B72689D005E21C6 /* API.swift in Sources */ = {isa = PBXBuildFile; fileRef = 041AFA8D1B72689D005E21C6 /* API.swift */; };
		041AFA901B7268C5005E21C6 /* APIGITHUB.swift in Sources */ = {isa = PBXBuildFile; fileRef = 041AFA8F1B7268C5005E21C6 /* APIGITHUB.swift */; };
/* End PBXBuildFile section */

/* Begin PBXContainerItemProxy section */
		041AFA7C1B7261E8005E21C6 /* PBXContainerItemProxy */ = {
			isa = PBXContainerItemProxy;
			containerPortal = 041AFA5E1B7261E8005E21C6 /* Project object */;
			proxyType = 1;
			remoteGlobalIDString = 041AFA651B7261E8005E21C6;
			remoteInfo = SearchiTunesandGitHub;
		};
/* End PBXContainerItemProxy section */

/* Begin PBXFileReference section */
		041AFA661B7261E8005E21C6 /* SearchiTunesandGitHub.app */ = {isa = PBXFileReference; explicitFileType = wrapper.application; includeInIndex = 0; path = SearchiTunesandGitHub.app; sourceTree = BUILT_PRODUCTS_DIR; };
		041AFA6A1B7261E8005E21C6 /* Info.plist */ = {isa = PBXFileReference; lastKnownFileType = text.plist.xml; path = Info.plist; sourceTree = "<group>"; };
		041AFA6B1B7261E8005E21C6 /* AppDelegate.swift */ = {isa = PBXFileReference; lastKnownFileType = sourcecode.swift; path = AppDelegate.swift; sourceTree = "<group>"; };
		041AFA6D1B7261E8005E21C6 /* mainVC.swift */ = {isa = PBXFileReference; lastKnownFileType = sourcecode.swift; path = mainVC.swift; sourceTree = "<group>"; };
		041AFA701B7261E8005E21C6 /* Base */ = {isa = PBXFileReference; lastKnownFileType = file.storyboard; name = Base; path = Base.lproj/Main.storyboard; sourceTree = "<group>"; };
		041AFA721B7261E8005E21C6 /* Images.xcassets */ = {isa = PBXFileReference; lastKnownFileType = folder.assetcatalog; path = Images.xcassets; sourceTree = "<group>"; };
		041AFA751B7261E8005E21C6 /* Base */ = {isa = PBXFileReference; lastKnownFileType = file.xib; name = Base; path = Base.lproj/LaunchScreen.xib; sourceTree = "<group>"; };
		041AFA7B1B7261E8005E21C6 /* SearchiTunesandGitHubTests.xctest */ = {isa = PBXFileReference; explicitFileType = wrapper.cfbundle; includeInIndex = 0; path = SearchiTunesandGitHubTests.xctest; sourceTree = BUILT_PRODUCTS_DIR; };
		041AFA801B7261E8005E21C6 /* Info.plist */ = {isa = PBXFileReference; lastKnownFileType = text.plist.xml; path = Info.plist; sourceTree = "<group>"; };
		041AFA811B7261E8005E21C6 /* SearchiTunesandGitHubTests.swift */ = {isa = PBXFileReference; lastKnownFileType = sourcecode.swift; path = SearchiTunesandGitHubTests.swift; sourceTree = "<group>"; };
		041AFA8B1B7265E8005E21C6 /* ResultCell.swift */ = {isa = PBXFileReference; fileEncoding = 4; lastKnownFileType = sourcecode.swift; path = ResultCell.swift; sourceTree = "<group>"; };
		041AFA8D1B72689D005E21C6 /* API.swift */ = {isa = PBXFileReference; fileEncoding = 4; lastKnownFileType = sourcecode.swift; path = API.swift; sourceTree = "<group>"; };
		041AFA8F1B7268C5005E21C6 /* APIGITHUB.swift */ = {isa = PBXFileReference; fileEncoding = 4; lastKnownFileType = sourcecode.swift; path = APIGITHUB.swift; sourceTree = "<group>"; };
/* End PBXFileReference section */

/* Begin PBXFrameworksBuildPhase section */
		041AFA631B7261E8005E21C6 /* Frameworks */ = {
			isa = PBXFrameworksBuildPhase;
			buildActionMask = 2147483647;
			files = (
			);
			runOnlyForDeploymentPostprocessing = 0;
		};
		041AFA781B7261E8005E21C6 /* Frameworks */ = {
			isa = PBXFrameworksBuildPhase;
			buildActionMask = 2147483647;
			files = (
			);
			runOnlyForDeploymentPostprocessing = 0;
		};
/* End PBXFrameworksBuildPhase section */

/* Begin PBXGroup section */
		041AFA5D1B7261E8005E21C6 = {
			isa = PBXGroup;
			children = (
				041AFA681B7261E8005E21C6 /* SearchiTunesandGitHub */,
				041AFA7E1B7261E8005E21C6 /* SearchiTunesandGitHubTests */,
				041AFA671B7261E8005E21C6 /* Products */,
			);
			sourceTree = "<group>";
		};
		041AFA671B7261E8005E21C6 /* Products */ = {
			isa = PBXGroup;
			children = (
				041AFA661B7261E8005E21C6 /* SearchiTunesandGitHub.app */,
				041AFA7B1B7261E8005E21C6 /* SearchiTunesandGitHubTests.xctest */,
			);
			name = Products;
			sourceTree = "<group>";
		};
		041AFA681B7261E8005E21C6 /* SearchiTunesandGitHub */ = {
			isa = PBXGroup;
			children = (
				041AFA6B1B7261E8005E21C6 /* AppDelegate.swift */,
				041AFA6D1B7261E8005E21C6 /* mainVC.swift */,
				041AFA8D1B72689D005E21C6 /* API.swift */,
				041AFA8F1B7268C5005E21C6 /* APIGITHUB.swift */,
				041AFA8B1B7265E8005E21C6 /* ResultCell.swift */,
				041AFA6F1B7261E8005E21C6 /* Main.storyboard */,
				041AFA721B7261E8005E21C6 /* Images.xcassets */,
				041AFA741B7261E8005E21C6 /* LaunchScreen.xib */,
				041AFA691B7261E8005E21C6 /* Supporting Files */,
			);
			path = SearchiTunesandGitHub;
			sourceTree = "<group>";
		};
		041AFA691B7261E8005E21C6 /* Supporting Files */ = {
			isa = PBXGroup;
			children = (
				041AFA6A1B7261E8005E21C6 /* Info.plist */,
			);
			name = "Supporting Files";
			sourceTree = "<group>";
		};
		041AFA7E1B7261E8005E21C6 /* SearchiTunesandGitHubTests */ = {
			isa = PBXGroup;
			children = (
				041AFA811B7261E8005E21C6 /* SearchiTunesandGitHubTests.swift */,
				041AFA7F1B7261E8005E21C6 /* Supporting Files */,
			);
			path = SearchiTunesandGitHubTests;
			sourceTree = "<group>";
		};
		041AFA7F1B7261E8005E21C6 /* Supporting Files */ = {
			isa = PBXGroup;
			children = (
				041AFA801B7261E8005E21C6 /* Info.plist */,
			);
			name = "Supporting Files";
			sourceTree = "<group>";
		};
/* End PBXGroup section */

/* Begin PBXNativeTarget section */
		041AFA651B7261E8005E21C6 /* SearchiTunesandGitHub */ = {
			isa = PBXNativeTarget;
			buildConfigurationList = 041AFA851B7261E8005E21C6 /* Build configuration list for PBXNativeTarget "SearchiTunesandGitHub" */;
			buildPhases = (
				041AFA621B7261E8005E21C6 /* Sources */,
				041AFA631B7261E8005E21C6 /* Frameworks */,
				041AFA641B7261E8005E21C6 /* Resources */,
			);
			buildRules = (
			);
			dependencies = (
			);
			name = SearchiTunesandGitHub;
			productName = SearchiTunesandGitHub;
			productReference = 041AFA661B7261E8005E21C6 /* SearchiTunesandGitHub.app */;
			productType = "com.apple.product-type.application";
		};
		041AFA7A1B7261E8005E21C6 /* SearchiTunesandGitHubTests */ = {
			isa = PBXNativeTarget;
			buildConfigurationList = 041AFA881B7261E8005E21C6 /* Build configuration list for PBXNativeTarget "SearchiTunesandGitHubTests" */;
			buildPhases = (
				041AFA771B7261E8005E21C6 /* Sources */,
				041AFA781B7261E8005E21C6 /* Frameworks */,
				041AFA791B7261E8005E21C6 /* Resources */,
			);
			buildRules = (
			);
			dependencies = (
				041AFA7D1B7261E8005E21C6 /* PBXTargetDependency */,
			);
			name = SearchiTunesandGitHubTests;
			productName = SearchiTunesandGitHubTests;
			productReference = 041AFA7B1B7261E8005E21C6 /* SearchiTunesandGitHubTests.xctest */;
			productType = "com.apple.product-type.bundle.unit-test";
		};
/* End PBXNativeTarget section */

/* Begin PBXProject section */
		041AFA5E1B7261E8005E21C6 /* Project object */ = {
			isa = PBXProject;
			attributes = {
				LastUpgradeCheck = 0640;
				ORGANIZATIONNAME = "Dmitry Kuzin";
				TargetAttributes = {
					041AFA651B7261E8005E21C6 = {
						CreatedOnToolsVersion = 6.4;
						DevelopmentTeam = 4KXS2X9N5B;
					};
					041AFA7A1B7261E8005E21C6 = {
						CreatedOnToolsVersion = 6.4;
						TestTargetID = 041AFA651B7261E8005E21C6;
					};
				};
			};
			buildConfigurationList = 041AFA611B7261E8005E21C6 /* Build configuration list for PBXProject "SearchiTunesandGitHub" */;
			compatibilityVersion = "Xcode 3.2";
			developmentRegion = English;
			hasScannedForEncodings = 0;
			knownRegions = (
				en,
				Base,
			);
			mainGroup = 041AFA5D1B7261E8005E21C6;
			productRefGroup = 041AFA671B7261E8005E21C6 /* Products */;
			projectDirPath = "";
			projectRoot = "";
			targets = (
				041AFA651B7261E8005E21C6 /* SearchiTunesandGitHub */,
				041AFA7A1B7261E8005E21C6 /* SearchiTunesandGitHubTests */,
			);
		};
/* End PBXProject section */

/* Begin PBXResourcesBuildPhase section */
		041AFA641B7261E8005E21C6 /* Resources */ = {
			isa = PBXResourcesBuildPhase;
			buildActionMask = 2147483647;
			files = (
				041AFA711B7261E8005E21C6 /* Main.storyboard in Resources */,
				041AFA761B7261E8005E21C6 /* LaunchScreen.xib in Resources */,
				041AFA731B7261E8005E21C6 /* Images.xcassets in Resources */,
			);
			runOnlyForDeploymentPostprocessing = 0;
		};
		041AFA791B7261E8005E21C6 /* Resources */ = {
			isa = PBXResourcesBuildPhase;
			buildActionMask = 2147483647;
			files = (
			);
			runOnlyForDeploymentPostprocessing = 0;
		};
/* End PBXResourcesBuildPhase section */

/* Begin PBXSourcesBuildPhase section */
		041AFA621B7261E8005E21C6 /* Sources */ = {
			isa = PBXSourcesBuildPhase;
			buildActionMask = 2147483647;
			files = (
				041AFA6E1B7261E8005E21C6 /* mainVC.swift in Sources */,
				041AFA6C1B7261E8005E21C6 /* AppDelegate.swift in Sources */,
				041AFA901B7268C5005E21C6 /* APIGITHUB.swift in Sources */,
				041AFA8E1B72689D005E21C6 /* API.swift in Sources */,
				041AFA8C1B7265E8005E21C6 /* ResultCell.swift in Sources */,
			);
			runOnlyForDeploymentPostprocessing = 0;
		};
		041AFA771B7261E8005E21C6 /* Sources */ = {
			isa = PBXSourcesBuildPhase;
			buildActionMask = 2147483647;
			files = (
				041AFA821B7261E8005E21C6 /* SearchiTunesandGitHubTests.swift in Sources */,
			);
			runOnlyForDeploymentPostprocessing = 0;
		};
/* End PBXSourcesBuildPhase section */

/* Begin PBXTargetDependency section */
		041AFA7D1B7261E8005E21C6 /* PBXTargetDependency */ = {
			isa = PBXTargetDependency;
			target = 041AFA651B7261E8005E21C6 /* SearchiTunesandGitHub */;
			targetProxy = 041AFA7C1B7261E8005E21C6 /* PBXContainerItemProxy */;
		};
/* End PBXTargetDependency section */

/* Begin PBXVariantGroup section */
		041AFA6F1B7261E8005E21C6 /* Main.storyboard */ = {
			isa = PBXVariantGroup;
			children = (
				041AFA701B7261E8005E21C6 /* Base */,
			);
			name = Main.storyboard;
			sourceTree = "<group>";
		};
		041AFA741B7261E8005E21C6 /* LaunchScreen.xib */ = {
			isa = PBXVariantGroup;
			children = (
				041AFA751B7261E8005E21C6 /* Base */,
			);
			name = LaunchScreen.xib;
			sourceTree = "<group>";
		};
/* End PBXVariantGroup section */

/* Begin XCBuildConfiguration section */
		041AFA831B7261E8005E21C6 /* Debug */ = {
			isa = XCBuildConfiguration;
			buildSettings = {
				ALWAYS_SEARCH_USER_PATHS = NO;
				CLANG_CXX_LANGUAGE_STANDARD = "gnu++0x";
				CLANG_CXX_LIBRARY = "libc++";
				CLANG_ENABLE_MODULES = YES;
				CLANG_ENABLE_OBJC_ARC = YES;
				CLANG_WARN_BOOL_CONVERSION = YES;
				CLANG_WARN_CONSTANT_CONVERSION = YES;
				CLANG_WARN_DIRECT_OBJC_ISA_USAGE = YES_ERROR;
				CLANG_WARN_EMPTY_BODY = YES;
				CLANG_WARN_ENUM_CONVERSION = YES;
				CLANG_WARN_INT_CONVERSION = YES;
				CLANG_WARN_OBJC_ROOT_CLASS = YES_ERROR;
				CLANG_WARN_UNREACHABLE_CODE = YES;
				CLANG_WARN__DUPLICATE_METHOD_MATCH = YES;
				"CODE_SIGN_IDENTITY[sdk=iphoneos*]" = "iPhone Developer";
				COPY_PHASE_STRIP = NO;
				DEBUG_INFORMATION_FORMAT = "dwarf-with-dsym";
				ENABLE_STRICT_OBJC_MSGSEND = YES;
				GCC_C_LANGUAGE_STANDARD = gnu99;
				GCC_DYNAMIC_NO_PIC = NO;
				GCC_NO_COMMON_BLOCKS = YES;
				GCC_OPTIMIZATION_LEVEL = 0;
				GCC_PREPROCESSOR_DEFINITIONS = (
					"DEBUG=1",
					"$(inherited)",
				);
				GCC_SYMBOLS_PRIVATE_EXTERN = NO;
				GCC_WARN_64_TO_32_BIT_CONVERSION = YES;
				GCC_WARN_ABOUT_RETURN_TYPE = YES_ERROR;
				GCC_WARN_UNDECLARED_SELECTOR = YES;
				GCC_WARN_UNINITIALIZED_AUTOS = YES_AGGRESSIVE;
				GCC_WARN_UNUSED_FUNCTION = YES;
				GCC_WARN_UNUSED_VARIABLE = YES;
				IPHONEOS_DEPLOYMENT_TARGET = 8.4;
				MTL_ENABLE_DEBUG_INFO = YES;
				ONLY_ACTIVE_ARCH = YES;
				SDKROOT = iphoneos;
				SWIFT_OPTIMIZATION_LEVEL = "-Onone";
			};
			name = Debug;
		};
		041AFA841B7261E8005E21C6 /* Release */ = {
			isa = XCBuildConfiguration;
			buildSettings = {
				ALWAYS_SEARCH_USER_PATHS = NO;
				CLANG_CXX_LANGUAGE_STANDARD = "gnu++0x";
				CLANG_CXX_LIBRARY = "libc++";
				CLANG_ENABLE_MODULES = YES;
				CLANG_ENABLE_OBJC_ARC = YES;
				CLANG_WARN_BOOL_CONVERSION = YES;
				CLANG_WARN_CONSTANT_CONVERSION = YES;
				CLANG_WARN_DIRECT_OBJC_ISA_USAGE = YES_ERROR;
				CLANG_WARN_EMPTY_BODY = YES;
				CLANG_WARN_ENUM_CONVERSION = YES;
				CLANG_WARN_INT_CONVERSION = YES;
				CLANG_WARN_OBJC_ROOT_CLASS = YES_ERROR;
				CLANG_WARN_UNREACHABLE_CODE = YES;
				CLANG_WARN__DUPLICATE_METHOD_MATCH = YES;
				"CODE_SIGN_IDENTITY[sdk=iphoneos*]" = "iPhone Developer";
				COPY_PHASE_STRIP = NO;
				DEBUG_INFORMATION_FORMAT = "dwarf-with-dsym";
				ENABLE_NS_ASSERTIONS = NO;
				ENABLE_STRICT_OBJC_MSGSEND = YES;
				GCC_C_LANGUAGE_STANDARD = gnu99;
				GCC_NO_COMMON_BLOCKS = YES;
				GCC_WARN_64_TO_32_BIT_CONVERSION = YES;
				GCC_WARN_ABOUT_RETURN_TYPE = YES_ERROR;
				GCC_WARN_UNDECLARED_SELECTOR = YES;
				GCC_WARN_UNINITIALIZED_AUTOS = YES_AGGRESSIVE;
				GCC_WARN_UNUSED_FUNCTION = YES;
				GCC_WARN_UNUSED_VARIABLE = YES;
				IPHONEOS_DEPLOYMENT_TARGET = 8.4;
				MTL_ENABLE_DEBUG_INFO = NO;
				SDKROOT = iphoneos;
				VALIDATE_PRODUCT = YES;
			};
			name = Release;
		};
		041AFA861B7261E8005E21C6 /* Debug */ = {
			isa = XCBuildConfiguration;
			buildSettings = {
				ASSETCATALOG_COMPILER_APPICON_NAME = AppIcon;
				CODE_SIGN_IDENTITY = "iPhone Developer";
				INFOPLIST_FILE = SearchiTunesandGitHub/Info.plist;
				LD_RUNPATH_SEARCH_PATHS = "$(inherited) @executable_path/Frameworks";
				PRODUCT_NAME = "$(TARGET_NAME)";
			};
			name = Debug;
		};
		041AFA871B7261E8005E21C6 /* Release */ = {
			isa = XCBuildConfiguration;
			buildSettings = {
				ASSETCATALOG_COMPILER_APPICON_NAME = AppIcon;
				CODE_SIGN_IDENTITY = "iPhone Developer";
				INFOPLIST_FILE = SearchiTunesandGitHub/Info.plist;
				LD_RUNPATH_SEARCH_PATHS = "$(inherited) @executable_path/Frameworks";
				PRODUCT_NAME = "$(TARGET_NAME)";
			};
			name = Release;
		};
		041AFA891B7261E8005E21C6 /* Debug */ = {
			isa = XCBuildConfiguration;
			buildSettings = {
				BUNDLE_LOADER = "$(TEST_HOST)";
				FRAMEWORK_SEARCH_PATHS = (
					"$(SDKROOT)/Developer/Library/Frameworks",
					"$(inherited)",
				);
				GCC_PREPROCESSOR_DEFINITIONS = (
					"DEBUG=1",
					"$(inherited)",
				);
				INFOPLIST_FILE = SearchiTunesandGitHubTests/Info.plist;
				LD_RUNPATH_SEARCH_PATHS = "$(inherited) @executable_path/Frameworks @loader_path/Frameworks";
				PRODUCT_NAME = "$(TARGET_NAME)";
				TEST_HOST = "$(BUILT_PRODUCTS_DIR)/SearchiTunesandGitHub.app/SearchiTunesandGitHub";
			};
			name = Debug;
		};
		041AFA8A1B7261E8005E21C6 /* Release */ = {
			isa = XCBuildConfiguration;
			buildSettings = {
				BUNDLE_LOADER = "$(TEST_HOST)";
				FRAMEWORK_SEARCH_PATHS = (
					"$(SDKROOT)/Developer/Library/Frameworks",
					"$(inherited)",
				);
				INFOPLIST_FILE = SearchiTunesandGitHubTests/Info.plist;
				LD_RUNPATH_SEARCH_PATHS = "$(inherited) @executable_path/Frameworks @loader_path/Frameworks";
				PRODUCT_NAME = "$(TARGET_NAME)";
				TEST_HOST = "$(BUILT_PRODUCTS_DIR)/SearchiTunesandGitHub.app/SearchiTunesandGitHub";
			};
			name = Release;
		};
/* End XCBuildConfiguration section */

/* Begin XCConfigurationList section */
		041AFA611B7261E8005E21C6 /* Build configuration list for PBXProject "SearchiTunesandGitHub" */ = {
			isa = XCConfigurationList;
			buildConfigurations = (
				041AFA831B7261E8005E21C6 /* Debug */,
				041AFA841B7261E8005E21C6 /* Release */,
			);
			defaultConfigurationIsVisible = 0;
			defaultConfigurationName = Release;
		};
		041AFA851B7261E8005E21C6 /* Build configuration list for PBXNativeTarget "SearchiTunesandGitHub" */ = {
			isa = XCConfigurationList;
			buildConfigurations = (
				041AFA861B7261E8005E21C6 /* Debug */,
				041AFA871B7261E8005E21C6 /* Release */,
			);
			defaultConfigurationIsVisible = 0;
			defaultConfigurationName = Release;
		};
		041AFA881B7261E8005E21C6 /* Build configuration list for PBXNativeTarget "SearchiTunesandGitHubTests" */ = {
			isa = XCConfigurationList;
			buildConfigurations = (
				041AFA891B7261E8005E21C6 /* Debug */,
				041AFA8A1B7261E8005E21C6 /* Release */,
			);
			defaultConfigurationIsVisible = 0;
			defaultConfigurationName = Release;
		};
/* End XCConfigurationList section */
	};
	rootObject = 041AFA5E1B7261E8005E21C6 /* Project object */;
}
